
Microsoft Visual Studio Solution File, Format Version 12.00
# Visual Studio Version 16
VisualStudioVersion = 16.0.30104.148
MinimumVisualStudioVersion = 10.0.40219.1
Project("{FAE04EC0-301F-11D3-BF4B-00C04F79EFBC}") = "Git", "Git\Git.csproj", "{9038B1A4-92FD-4AAC-8634-5C5BD4972712}"
EndProject
Global
	GlobalSection(SolutionConfigurationPlatforms) = preSolution
		Debug|Any CPU = Debug|Any CPU
		Release|Any CPU = Release|Any CPU
	EndGlobalSection
	GlobalSection(ProjectConfigurationPlatforms) = postSolution
		{9038B1A4-92FD-4AAC-8634-5C5BD4972712}.Debug|Any CPU.ActiveCfg = Debug|Any CPU
		{9038B1A4-92FD-4AAC-8634-5C5BD4972712}.Debug|Any CPU.Build.0 = Debug|Any CPU
		{9038B1A4-92FD-4AAC-8634-5C5BD4972712}.Release|Any CPU.ActiveCfg = Release|Any CPU
		{9038B1A4-92FD-4AAC-8634-5C5BD4972712}.Release|Any CPU.Build.0 = Release|Any CPU
	EndGlobalSection
	GlobalSection(SolutionProperties) = preSolution
		HideSolutionNode = FALSE
	EndGlobalSection
	GlobalSection(ExtensibilityGlobals) = postSolution
		SolutionGuid = {6A88C3FF-3931-43BC-AE02-F36434B82CF3}
	EndGlobalSection
EndGlobal
